// !$*UTF8*$!
{
	archiveVersion = 1;
	classes = {
	};
	objectVersion = 56;
	objects = {

/* Begin PBXBuildFile section */
		9A88708E29D12D2F008EE6CE /* Sample_1App.swift in Sources */ = {isa = PBXBuildFile; fileRef = 9A88708D29D12D2F008EE6CE /* Sample_1App.swift */; };
		9A88709029D12D2F008EE6CE /* ContentView.swift in Sources */ = {isa = PBXBuildFile; fileRef = 9A88708F29D12D2F008EE6CE /* ContentView.swift */; };
		9A88709229D12D31008EE6CE /* Assets.xcassets in Resources */ = {isa = PBXBuildFile; fileRef = 9A88709129D12D31008EE6CE /* Assets.xcassets */; };
		9A88709529D12D31008EE6CE /* Preview Assets.xcassets in Resources */ = {isa = PBXBuildFile; fileRef = 9A88709429D12D31008EE6CE /* Preview Assets.xcassets */; };
		9A88709C29D1377A008EE6CE /* MultiTabView.swift in Sources */ = {isa = PBXBuildFile; fileRef = 9A88709B29D13779008EE6CE /* MultiTabView.swift */; };
		9A88709E29D1384F008EE6CE /* FormView.swift in Sources */ = {isa = PBXBuildFile; fileRef = 9A88709D29D1384F008EE6CE /* FormView.swift */; };
		9A8870A029D138B9008EE6CE /* WebViewCore.swift in Sources */ = {isa = PBXBuildFile; fileRef = 9A88709F29D138B9008EE6CE /* WebViewCore.swift */; };
		9A8870A329D7BD40008EE6CE /* Trash Detector 1.mlmodel in Sources */ = {isa = PBXBuildFile; fileRef = 9A8870A229D7BD40008EE6CE /* Trash Detector 1.mlmodel */; };
		9A8870A529D7C4F6008EE6CE /* LocationManager.swift in Sources */ = {isa = PBXBuildFile; fileRef = 9A8870A429D7C4F6008EE6CE /* LocationManager.swift */; };
		9A8870A729D7C77C008EE6CE /* ObjectDetectionView.swift in Sources */ = {isa = PBXBuildFile; fileRef = 9A8870A629D7C77C008EE6CE /* ObjectDetectionView.swift */; };
		9A8870A929D7CA06008EE6CE /* DataStore.swift in Sources */ = {isa = PBXBuildFile; fileRef = 9A8870A829D7CA06008EE6CE /* DataStore.swift */; };
		9A8870AB29D7CAF5008EE6CE /* ImagePicker.swift in Sources */ = {isa = PBXBuildFile; fileRef = 9A8870AA29D7CAF5008EE6CE /* ImagePicker.swift */; };
		9ABBFBA529D877CC0047FD2E /* SampleMapView.swift in Sources */ = {isa = PBXBuildFile; fileRef = 9ABBFBA429D877CC0047FD2E /* SampleMapView.swift */; };
/* End PBXBuildFile section */

/* Begin PBXFileReference section */
		9A88708A29D12D2F008EE6CE /* Sample 1.app */ = {isa = PBXFileReference; explicitFileType = wrapper.application; includeInIndex = 0; path = "Sample 1.app"; sourceTree = BUILT_PRODUCTS_DIR; };
		9A88708D29D12D2F008EE6CE /* Sample_1App.swift */ = {isa = PBXFileReference; lastKnownFileType = sourcecode.swift; path = Sample_1App.swift; sourceTree = "<group>"; };
		9A88708F29D12D2F008EE6CE /* ContentView.swift */ = {isa = PBXFileReference; lastKnownFileType = sourcecode.swift; path = ContentView.swift; sourceTree = "<group>"; };
		9A88709129D12D31008EE6CE /* Assets.xcassets */ = {isa = PBXFileReference; lastKnownFileType = folder.assetcatalog; path = Assets.xcassets; sourceTree = "<group>"; };
		9A88709429D12D31008EE6CE /* Preview Assets.xcassets */ = {isa = PBXFileReference; lastKnownFileType = folder.assetcatalog; path = "Preview Assets.xcassets"; sourceTree = "<group>"; };
		9A88709B29D13779008EE6CE /* MultiTabView.swift */ = {isa = PBXFileReference; lastKnownFileType = sourcecode.swift; path = MultiTabView.swift; sourceTree = "<group>"; };
		9A88709D29D1384F008EE6CE /* FormView.swift */ = {isa = PBXFileReference; lastKnownFileType = sourcecode.swift; path = FormView.swift; sourceTree = "<group>"; };
		9A88709F29D138B9008EE6CE /* WebViewCore.swift */ = {isa = PBXFileReference; lastKnownFileType = sourcecode.swift; path = WebViewCore.swift; sourceTree = "<group>"; };
		9A8870A129D13AC4008EE6CE /* Sample-1-Info.plist */ = {isa = PBXFileReference; lastKnownFileType = text.plist; path = "Sample-1-Info.plist"; sourceTree = SOURCE_ROOT; };
		9A8870A229D7BD40008EE6CE /* Trash Detector 1.mlmodel */ = {isa = PBXFileReference; lastKnownFileType = file.mlmodel; path = "Trash Detector 1.mlmodel"; sourceTree = "<group>"; };
		9A8870A429D7C4F6008EE6CE /* LocationManager.swift */ = {isa = PBXFileReference; lastKnownFileType = sourcecode.swift; path = LocationManager.swift; sourceTree = "<group>"; };
		9A8870A629D7C77C008EE6CE /* ObjectDetectionView.swift */ = {isa = PBXFileReference; lastKnownFileType = sourcecode.swift; path = ObjectDetectionView.swift; sourceTree = "<group>"; };
		9A8870A829D7CA06008EE6CE /* DataStore.swift */ = {isa = PBXFileReference; lastKnownFileType = sourcecode.swift; path = DataStore.swift; sourceTree = "<group>"; };
		9A8870AA29D7CAF5008EE6CE /* ImagePicker.swift */ = {isa = PBXFileReference; lastKnownFileType = sourcecode.swift; path = ImagePicker.swift; sourceTree = "<group>"; };
		9ABBFBA429D877CC0047FD2E /* SampleMapView.swift */ = {isa = PBXFileReference; lastKnownFileType = sourcecode.swift; path = SampleMapView.swift; sourceTree = "<group>"; };
/* End PBXFileReference section */

/* Begin PBXFrameworksBuildPhase section */
		9A88708729D12D2F008EE6CE /* Frameworks */ = {
			isa = PBXFrameworksBuildPhase;
			buildActionMask = 2147483647;
			files = (
			);
			runOnlyForDeploymentPostprocessing = 0;
		};
/* End PBXFrameworksBuildPhase section */

/* Begin PBXGroup section */
		9A88708129D12D2F008EE6CE = {
			isa = PBXGroup;
			children = (
				9A88708C29D12D2F008EE6CE /* Sample 1 */,
				9A88708B29D12D2F008EE6CE /* Products */,
			);
			sourceTree = "<group>";
		};
		9A88708B29D12D2F008EE6CE /* Products */ = {
			isa = PBXGroup;
			children = (
				9A88708A29D12D2F008EE6CE /* Sample 1.app */,
			);
			name = Products;
			sourceTree = "<group>";
		};
		9A88708C29D12D2F008EE6CE /* Sample 1 */ = {
			isa = PBXGroup;
			children = (
				9A8870A129D13AC4008EE6CE /* Sample-1-Info.plist */,
				9A88708D29D12D2F008EE6CE /* Sample_1App.swift */,
				9A88708F29D12D2F008EE6CE /* ContentView.swift */,
				9A88709129D12D31008EE6CE /* Assets.xcassets */,
				9A8870A229D7BD40008EE6CE /* Trash Detector 1.mlmodel */,
				9A8870AA29D7CAF5008EE6CE /* ImagePicker.swift */,
				9A88709B29D13779008EE6CE /* MultiTabView.swift */,
				9A8870A629D7C77C008EE6CE /* ObjectDetectionView.swift */,
				9A8870A829D7CA06008EE6CE /* DataStore.swift */,
				9ABBFBA429D877CC0047FD2E /* SampleMapView.swift */,
				9A8870A429D7C4F6008EE6CE /* LocationManager.swift */,
				9A88709D29D1384F008EE6CE /* FormView.swift */,
				9A88709F29D138B9008EE6CE /* WebViewCore.swift */,
				9A88709329D12D31008EE6CE /* Preview Content */,
			);
			path = "Sample 1";
			sourceTree = "<group>";
		};
		9A88709329D12D31008EE6CE /* Preview Content */ = {
			isa = PBXGroup;
			children = (
				9A88709429D12D31008EE6CE /* Preview Assets.xcassets */,
			);
			path = "Preview Content";
			sourceTree = "<group>";
		};
/* End PBXGroup section */

/* Begin PBXNativeTarget section */
		9A88708929D12D2F008EE6CE /* Sample 1 */ = {
			isa = PBXNativeTarget;
			buildConfigurationList = 9A88709829D12D31008EE6CE /* Build configuration list for PBXNativeTarget "Sample 1" */;
			buildPhases = (
				9A88708629D12D2F008EE6CE /* Sources */,
				9A88708729D12D2F008EE6CE /* Frameworks */,
				9A88708829D12D2F008EE6CE /* Resources */,
			);
			buildRules = (
			);
			dependencies = (
			);
			name = "Sample 1";
			productName = "Sample 1";
			productReference = 9A88708A29D12D2F008EE6CE /* Sample 1.app */;
			productType = "com.apple.product-type.application";
		};
/* End PBXNativeTarget section */

/* Begin PBXProject section */
		9A88708229D12D2F008EE6CE /* Project object */ = {
			isa = PBXProject;
			attributes = {
				BuildIndependentTargetsInParallel = 1;
				LastSwiftUpdateCheck = 1420;
				LastUpgradeCheck = 1420;
				TargetAttributes = {
					9A88708929D12D2F008EE6CE = {
						CreatedOnToolsVersion = 14.2;
					};
				};
			};
			buildConfigurationList = 9A88708529D12D2F008EE6CE /* Build configuration list for PBXProject "Sample 1" */;
			compatibilityVersion = "Xcode 14.0";
			developmentRegion = en;
			hasScannedForEncodings = 0;
			knownRegions = (
				en,
				Base,
			);
			mainGroup = 9A88708129D12D2F008EE6CE;
			productRefGroup = 9A88708B29D12D2F008EE6CE /* Products */;
			projectDirPath = "";
			projectRoot = "";
			targets = (
				9A88708929D12D2F008EE6CE /* Sample 1 */,
			);
		};
/* End PBXProject section */

/* Begin PBXResourcesBuildPhase section */
		9A88708829D12D2F008EE6CE /* Resources */ = {
			isa = PBXResourcesBuildPhase;
			buildActionMask = 2147483647;
			files = (
				9A88709529D12D31008EE6CE /* Preview Assets.xcassets in Resources */,
				9A88709229D12D31008EE6CE /* Assets.xcassets in Resources */,
			);
			runOnlyForDeploymentPostprocessing = 0;
		};
/* End PBXResourcesBuildPhase section */

/* Begin PBXSourcesBuildPhase section */
		9A88708629D12D2F008EE6CE /* Sources */ = {
			isa = PBXSourcesBuildPhase;
			buildActionMask = 2147483647;
			files = (
				9A88709E29D1384F008EE6CE /* FormView.swift in Sources */,
				9A88709C29D1377A008EE6CE /* MultiTabView.swift in Sources */,
				9A8870A029D138B9008EE6CE /* WebViewCore.swift in Sources */,
				9A8870A529D7C4F6008EE6CE /* LocationManager.swift in Sources */,
				9A8870A329D7BD40008EE6CE /* Trash Detector 1.mlmodel in Sources */,
				9A8870A729D7C77C008EE6CE /* ObjectDetectionView.swift in Sources */,
				9ABBFBA529D877CC0047FD2E /* SampleMapView.swift in Sources */,
				9A88709029D12D2F008EE6CE /* ContentView.swift in Sources */,
				9A8870AB29D7CAF5008EE6CE /* ImagePicker.swift in Sources */,
				9A8870A929D7CA06008EE6CE /* DataStore.swift in Sources */,
				9A88708E29D12D2F008EE6CE /* Sample_1App.swift in Sources */,
			);
			runOnlyForDeploymentPostprocessing = 0;
		};
/* End PBXSourcesBuildPhase section */

/* Begin XCBuildConfiguration section */
		9A88709629D12D31008EE6CE /* Debug */ = {
			isa = XCBuildConfiguration;
			buildSettings = {
				ALWAYS_SEARCH_USER_PATHS = NO;
				CLANG_ANALYZER_NONNULL = YES;
				CLANG_ANALYZER_NUMBER_OBJECT_CONVERSION = YES_AGGRESSIVE;
				CLANG_CXX_LANGUAGE_STANDARD = "gnu++20";
				CLANG_ENABLE_MODULES = YES;
				CLANG_ENABLE_OBJC_ARC = YES;
				CLANG_ENABLE_OBJC_WEAK = YES;
				CLANG_WARN_BLOCK_CAPTURE_AUTORELEASING = YES;
				CLANG_WARN_BOOL_CONVERSION = YES;
				CLANG_WARN_COMMA = YES;
				CLANG_WARN_CONSTANT_CONVERSION = YES;
				CLANG_WARN_DEPRECATED_OBJC_IMPLEMENTATIONS = YES;
				CLANG_WARN_DIRECT_OBJC_ISA_USAGE = YES_ERROR;
				CLANG_WARN_DOCUMENTATION_COMMENTS = YES;
				CLANG_WARN_EMPTY_BODY = YES;
				CLANG_WARN_ENUM_CONVERSION = YES;
				CLANG_WARN_INFINITE_RECURSION = YES;
				CLANG_WARN_INT_CONVERSION = YES;
				CLANG_WARN_NON_LITERAL_NULL_CONVERSION = YES;
				CLANG_WARN_OBJC_IMPLICIT_RETAIN_SELF = YES;
				CLANG_WARN_OBJC_LITERAL_CONVERSION = YES;
				CLANG_WARN_OBJC_ROOT_CLASS = YES_ERROR;
				CLANG_WARN_QUOTED_INCLUDE_IN_FRAMEWORK_HEADER = YES;
				CLANG_WARN_RANGE_LOOP_ANALYSIS = YES;
				CLANG_WARN_STRICT_PROTOTYPES = YES;
				CLANG_WARN_SUSPICIOUS_MOVE = YES;
				CLANG_WARN_UNGUARDED_AVAILABILITY = YES_AGGRESSIVE;
				CLANG_WARN_UNREACHABLE_CODE = YES;
				CLANG_WARN__DUPLICATE_METHOD_MATCH = YES;
				COPY_PHASE_STRIP = NO;
				DEBUG_INFORMATION_FORMAT = dwarf;
				ENABLE_STRICT_OBJC_MSGSEND = YES;
				ENABLE_TESTABILITY = YES;
				GCC_C_LANGUAGE_STANDARD = gnu11;
				GCC_DYNAMIC_NO_PIC = NO;
				GCC_NO_COMMON_BLOCKS = YES;
				GCC_OPTIMIZATION_LEVEL = 0;
				GCC_PREPROCESSOR_DEFINITIONS = (
					"DEBUG=1",
					"$(inherited)",
				);
				GCC_WARN_64_TO_32_BIT_CONVERSION = YES;
				GCC_WARN_ABOUT_RETURN_TYPE = YES_ERROR;
				GCC_WARN_UNDECLARED_SELECTOR = YES;
				GCC_WARN_UNINITIALIZED_AUTOS = YES_AGGRESSIVE;
				GCC_WARN_UNUSED_FUNCTION = YES;
				GCC_WARN_UNUSED_VARIABLE = YES;
				IPHONEOS_DEPLOYMENT_TARGET = 16.2;
				MTL_ENABLE_DEBUG_INFO = INCLUDE_SOURCE;
				MTL_FAST_MATH = YES;
				ONLY_ACTIVE_ARCH = YES;
				SDKROOT = iphoneos;
				SWIFT_ACTIVE_COMPILATION_CONDITIONS = DEBUG;
				SWIFT_OPTIMIZATION_LEVEL = "-Onone";
			};
			name = Debug;
		};
		9A88709729D12D31008EE6CE /* Release */ = {
			isa = XCBuildConfiguration;
			buildSettings = {
				ALWAYS_SEARCH_USER_PATHS = NO;
				CLANG_ANALYZER_NONNULL = YES;
				CLANG_ANALYZER_NUMBER_OBJECT_CONVERSION = YES_AGGRESSIVE;
				CLANG_CXX_LANGUAGE_STANDARD = "gnu++20";
				CLANG_ENABLE_MODULES = YES;
				CLANG_ENABLE_OBJC_ARC = YES;
				CLANG_ENABLE_OBJC_WEAK = YES;
				CLANG_WARN_BLOCK_CAPTURE_AUTORELEASING = YES;
				CLANG_WARN_BOOL_CONVERSION = YES;
				CLANG_WARN_COMMA = YES;
				CLANG_WARN_CONSTANT_CONVERSION = YES;
				CLANG_WARN_DEPRECATED_OBJC_IMPLEMENTATIONS = YES;
				CLANG_WARN_DIRECT_OBJC_ISA_USAGE = YES_ERROR;
				CLANG_WARN_DOCUMENTATION_COMMENTS = YES;
				CLANG_WARN_EMPTY_BODY = YES;
				CLANG_WARN_ENUM_CONVERSION = YES;
				CLANG_WARN_INFINITE_RECURSION = YES;
				CLANG_WARN_INT_CONVERSION = YES;
				CLANG_WARN_NON_LITERAL_NULL_CONVERSION = YES;
				CLANG_WARN_OBJC_IMPLICIT_RETAIN_SELF = YES;
				CLANG_WARN_OBJC_LITERAL_CONVERSION = YES;
				CLANG_WARN_OBJC_ROOT_CLASS = YES_ERROR;
				CLANG_WARN_QUOTED_INCLUDE_IN_FRAMEWORK_HEADER = YES;
				CLANG_WARN_RANGE_LOOP_ANALYSIS = YES;
				CLANG_WARN_STRICT_PROTOTYPES = YES;
				CLANG_WARN_SUSPICIOUS_MOVE = YES;
				CLANG_WARN_UNGUARDED_AVAILABILITY = YES_AGGRESSIVE;
				CLANG_WARN_UNREACHABLE_CODE = YES;
				CLANG_WARN__DUPLICATE_METHOD_MATCH = YES;
				COPY_PHASE_STRIP = NO;
				DEBUG_INFORMATION_FORMAT = "dwarf-with-dsym";
				ENABLE_NS_ASSERTIONS = NO;
				ENABLE_STRICT_OBJC_MSGSEND = YES;
				GCC_C_LANGUAGE_STANDARD = gnu11;
				GCC_NO_COMMON_BLOCKS = YES;
				GCC_WARN_64_TO_32_BIT_CONVERSION = YES;
				GCC_WARN_ABOUT_RETURN_TYPE = YES_ERROR;
				GCC_WARN_UNDECLARED_SELECTOR = YES;
				GCC_WARN_UNINITIALIZED_AUTOS = YES_AGGRESSIVE;
				GCC_WARN_UNUSED_FUNCTION = YES;
				GCC_WARN_UNUSED_VARIABLE = YES;
				IPHONEOS_DEPLOYMENT_TARGET = 16.2;
				MTL_ENABLE_DEBUG_INFO = NO;
				MTL_FAST_MATH = YES;
				SDKROOT = iphoneos;
				SWIFT_COMPILATION_MODE = wholemodule;
				SWIFT_OPTIMIZATION_LEVEL = "-O";
				VALIDATE_PRODUCT = YES;
			};
			name = Release;
		};
		9A88709929D12D31008EE6CE /* Debug */ = {
			isa = XCBuildConfiguration;
			buildSettings = {
				ASSETCATALOG_COMPILER_APPICON_NAME = AppIcon;
				ASSETCATALOG_COMPILER_GLOBAL_ACCENT_COLOR_NAME = AccentColor;
				CODE_SIGN_STYLE = Automatic;
				CURRENT_PROJECT_VERSION = 1;
				DEVELOPMENT_ASSET_PATHS = "\"Sample 1/Preview Content\"";
				DEVELOPMENT_TEAM = 45S49662DB;
				ENABLE_PREVIEWS = YES;
				GENERATE_INFOPLIST_FILE = YES;
				INFOPLIST_FILE = "Sample-1-Info.plist";
				INFOPLIST_KEY_CFBundleDisplayName = "Trash Finder";
				INFOPLIST_KEY_NSLocationWhenInUseUsageDescription = "Need Location To Show On The Map";
				INFOPLIST_KEY_NSPhotoLibraryUsageDescription = "TO GET TRASH IMAGES";
				INFOPLIST_KEY_UIApplicationSupportsIndirectInputEvents = YES;
				INFOPLIST_KEY_UILaunchScreen_Generation = YES;
				INFOPLIST_KEY_UISupportedInterfaceOrientations_iPad = "UIInterfaceOrientationPortrait UIInterfaceOrientationPortraitUpsideDown UIInterfaceOrientationLandscapeLeft UIInterfaceOrientationLandscapeRight";
				INFOPLIST_KEY_UISupportedInterfaceOrientations_iPhone = "UIInterfaceOrientationPortrait UIInterfaceOrientationLandscapeLeft UIInterfaceOrientationLandscapeRight";
				IPHONEOS_DEPLOYMENT_TARGET = 16.0;
				LD_RUNPATH_SEARCH_PATHS = (
					"$(inherited)",
					"@executable_path/Frameworks",
				);
				MARKETING_VERSION = 1.0;
				PRODUCT_BUNDLE_IDENTIFIER = "world.vedant.Sample-1";
				PRODUCT_NAME = "$(TARGET_NAME)";
				SWIFT_EMIT_LOC_STRINGS = YES;
				SWIFT_VERSION = 5.0;
				TARGETED_DEVICE_FAMILY = "1,2";
			};
			name = Debug;
		};
		9A88709A29D12D31008EE6CE /* Release */ = {
			isa = XCBuildConfiguration;
			buildSettings = {
				ASSETCATALOG_COMPILER_APPICON_NAME = AppIcon;
				ASSETCATALOG_COMPILER_GLOBAL_ACCENT_COLOR_NAME = AccentColor;
				CODE_SIGN_STYLE = Automatic;
				CURRENT_PROJECT_VERSION = 1;
				DEVELOPMENT_ASSET_PATHS = "\"Sample 1/Preview Content\"";
				DEVELOPMENT_TEAM = 45S49662DB;
				ENABLE_PREVIEWS = YES;
				GENERATE_INFOPLIST_FILE = YES;
				INFOPLIST_FILE = "Sample-1-Info.plist";
				INFOPLIST_KEY_CFBundleDisplayName = "Trash Finder";
				INFOPLIST_KEY_NSLocationWhenInUseUsageDescription = "Need Location To Show On The Map";
				INFOPLIST_KEY_NSPhotoLibraryUsageDescription = "TO GET TRASH IMAGES";
				INFOPLIST_KEY_UIApplicationSupportsIndirectInputEvents = YES;
				INFOPLIST_KEY_UILaunchScreen_Generation = YES;
				INFOPLIST_KEY_UISupportedInterfaceOrientations_iPad = "UIInterfaceOrientationPortrait UIInterfaceOrientationPortraitUpsideDown UIInterfaceOrientationLandscapeLeft UIInterfaceOrientationLandscapeRight";
				INFOPLIST_KEY_UISupportedInterfaceOrientations_iPhone = "UIInterfaceOrientationPortrait UIInterfaceOrientationLandscapeLeft UIInterfaceOrientationLandscapeRight";
				IPHONEOS_DEPLOYMENT_TARGET = 16.0;
				LD_RUNPATH_SEARCH_PATHS = (
					"$(inherited)",
					"@executable_path/Frameworks",
				);
				MARKETING_VERSION = 1.0;
				PRODUCT_BUNDLE_IDENTIFIER = "world.vedant.Sample-1";
				PRODUCT_NAME = "$(TARGET_NAME)";
				SWIFT_EMIT_LOC_STRINGS = YES;
				SWIFT_VERSION = 5.0;
				TARGETED_DEVICE_FAMILY = "1,2";
			};
			name = Release;
		};
/* End XCBuildConfiguration section */

/* Begin XCConfigurationList section */
		9A88708529D12D2F008EE6CE /* Build configuration list for PBXProject "Sample 1" */ = {
			isa = XCConfigurationList;
			buildConfigurations = (
				9A88709629D12D31008EE6CE /* Debug */,
				9A88709729D12D31008EE6CE /* Release */,
			);
			defaultConfigurationIsVisible = 0;
			defaultConfigurationName = Release;
		};
		9A88709829D12D31008EE6CE /* Build configuration list for PBXNativeTarget "Sample 1" */ = {
			isa = XCConfigurationList;
			buildConfigurations = (
				9A88709929D12D31008EE6CE /* Debug */,
				9A88709A29D12D31008EE6CE /* Release */,
			);
			defaultConfigurationIsVisible = 0;
			defaultConfigurationName = Release;
		};
/* End XCConfigurationList section */
	};
	rootObject = 9A88708229D12D2F008EE6CE /* Project object */;
}
